{
  "name": "@dungle-scrubs/browser-tools-insights",
  "version": "1.0.0",
  "lockfileVersion": 3,
  "requires": true,
  "packages": {
    "": {
      "name": "@dungle-scrubs/browser-tools-insights",
      "version": "1.0.0",
      "dependencies": {
        "@paulirish/trace_engine": "0.0.65"
      }
    },
    "node_modules/@paulirish/trace_engine": {
      "version": "0.0.65",
      "resolved": "https://registry.npmjs.org/@paulirish/trace_engine/-/trace_engine-0.0.65.tgz",
      "integrity": "sha512-Qsm6F5C8xf6ZzQXbQc2+wcpe6sggfs/gvc/ytqSurdvYg3kyW0ECHCqE0CWBKZpqgjVfPNX9c7SCS3r2nEIRGg==",
      "license": "BSD-3-Clause",
      "dependencies": {
        "legacy-javascript": "latest",
        "third-party-web": "latest"
      }
    },
    "node_modules/legacy-javascript": {
      "version": "0.0.1",
      "resolved": "https://registry.npmjs.org/legacy-javascript/-/legacy-javascript-0.0.1.tgz",
      "integrity": "sha512-lPyntS4/aS7jpuvOlitZDFifBCb4W8L/3QU0PLbUTUj+zYah8rfVjYic88yG7ZKTxhS5h9iz7duT8oUXKszLhg==",
      "license": "Apache-2.0"
    },
    "node_modules/third-party-web": {
      "version": "0.30.0",
      "resolved": "https://registry.npmjs.org/third-party-web/-/third-party-web-0.30.0.tgz",
      "integrity": "sha512-p+PfyL5U0ediGzvwPzMSdD9MnC8rHW6nWJJVLIQvqN7RsSqfaZ+7n4c9GILqH36EYR0eXB9CzAeCRnKFr/9uJg==",
      "license": "MIT"
    }
  }
}
